{
    "_readme": [
        "This file locks the dependencies of your project to a known state",
        "Read more about it at https://getcomposer.org/doc/01-basic-usage.md#composer-lock-the-lock-file",
        "This file is @generated automatically"
    ],
    "content-hash": "262d3df46743526dd959bd913e3d769a",
    "packages": [
        {
            "name": "heimans/yadal",
            "version": "1.0.1.5",
            "source": {
                "type": "git",
                "url": "https://github.com/ramon1611/Yadal.git",
                "reference": "7aa9064a808f09343d408ef1404c644dc8b6d302"
            },
            "dist": {
                "type": "zip",
                "url": "http://h2635187.stratoserver.net/repo/composer/dist/heimans/yadal/heimans-yadal-7aa9064a808f09343d408ef1404c644dc8b6d302-zip-9cf9d4.zip",
                "reference": "7aa9064a808f09343d408ef1404c644dc8b6d302",
                "shasum": "018ebb5ffcbff28d04f93f5bca7fef1c77c9e719"
            },
            "type": "library",
            "autoload": {
                "files": [
                    "src/yadal.class.php"
                ]
            },
            "authors": [
                {
                    "name": "Teye Heimans",
                    "email": "post@teyeheimans.nl",
                    "role": "Developer"
                },
                {
                    "name": "Ramon Rosin (ramon1611)",
                    "email": "rosin.ramon@gmail.com",
                    "role": "Composer Package"
                }
            ],
            "description": "Database Abstraction Layer",
            "homepage": "https://github.com/ramon1611/Yadal",
            "support": {
                "source": "https://github.com/ramon1611/Yadal/tree/1.0.1.5",
                "issues": "https://github.com/ramon1611/Yadal/issues"
            },
            "time": "2018-01-25T01:17:45+00:00"
        },
        {
            "name": "ramon1611/session",
            "version": "1.0.0",
            "source": {
                "type": "git",
                "url": "https://github.com/ramon1611/Session.git",
                "reference": "a187383d64eec50970108504080ee5f259250dad"
            },
            "dist": {
                "type": "zip",
                "url": "http://h2635187.stratoserver.net/repo/composer/dist/ramon1611/session/ramon1611-session-a187383d64eec50970108504080ee5f259250dad-zip-1b369e.zip",
                "reference": "a187383d64eec50970108504080ee5f259250dad",
                "shasum": "3584d2588d9c13b0866c7e2baf4c74b352d24779"
            },
            "type": "library",
            "autoload": {
                "psr-4": {
                    "ramon1611\\Libs\\": "libs/"
                }
            },
            "license": [
                "CC-BY-SA-4.0"
            ],
            "authors": [
                {
                    "name": "Ramon Rosin (ramon1611)",
                    "email": "rosin.ramon@gmail.com",
                    "role": "Developer"
                }
            ],
            "description": "Session Class",
            "support": {
                "source": "https://github.com/ramon1611/Session/tree/master",
                "issues": "https://github.com/ramon1611/Session/issues"
            },
            "time": "2018-01-17T11:00:12+00:00"
        },
        {
            "name": "ramon1611/sqlquerybuilder",
            "version": "1.0.1.2",
            "source": {
                "type": "git",
                "url": "https://github.com/ramon1611/SQLQueryBuilder.git",
                "reference": "72822b359384e3cfbbf2c6a5c07976f883d219f5"
            },
            "dist": {
                "type": "zip",
                "url": "http://h2635187.stratoserver.net/repo/composer/dist/ramon1611/sqlquerybuilder/ramon1611-sqlquerybuilder-72822b359384e3cfbbf2c6a5c07976f883d219f5-zip-23e460.zip",
                "reference": "72822b359384e3cfbbf2c6a5c07976f883d219f5",
                "shasum": "90e94c3f364f3668764f36b32169387832b42da4"
            },
            "type": "library",
            "autoload": {
                "psr-4": {
                    "ramon1611\\Libs\\": "libs/"
                }
            },
            "license": [
                "CC-BY-SA-4.0"
            ],
            "authors": [
                {
                    "name": "Ramon Rosin (ramon1611)",
                    "email": "rosin.ramon@gmail.com",
                    "role": "Developer"
                }
            ],
            "description": "Build SQL Querys",
            "support": {
                "source": "https://github.com/ramon1611/SQLQueryBuilder/tree/master",
                "issues": "https://github.com/ramon1611/SQLQueryBuilder/issues"
            },
            "time": "2018-01-17T08:51:41+00:00"
        },
        {
            "name": "ramon1611/user",
            "version": "1.0.0",
            "source": {
                "type": "git",
                "url": "https://github.com/ramon1611/User.git",
                "reference": "a64c57f14e7fe2471fa1cd987fec7dfb87d58405"
            },
            "dist": {
                "type": "zip",
                "url": "http://h2635187.stratoserver.net/repo/composer/dist/ramon1611/user/ramon1611-user-a64c57f14e7fe2471fa1cd987fec7dfb87d58405-zip-c23cae.zip",
                "reference": "a64c57f14e7fe2471fa1cd987fec7dfb87d58405",
                "shasum": "35f20d00a058b33a7c6638730a1ffb1583894559"
            },
            "type": "library",
            "autoload": {
                "psr-4": {
                    "ramon1611\\Libs\\": "libs/"
                }
            },
            "license": [
                "CC-BY-SA-4.0"
            ],
            "authors": [
                {
                    "name": "Ramon Rosin (ramon1611)",
                    "email": "rosin.ramon@gmail.com",
                    "role": "Developer"
                }
            ],
            "description": "User Class",
            "homepage": "https://github.com/ramon1611/User",
            "support": {
                "source": "https://github.com/ramon1611/User/tree/1.0.0",
                "issues": "https://github.com/ramon1611/User/issues"
            },
            "time": "2018-01-22T10:15:06+00:00"
        },
        {
            "name": "smarty/smarty",
            "version": "v3.1.31",
            "source": {
                "type": "git",
                "url": "https://github.com/smarty-php/smarty.git",
                "reference": "c7d42e4a327c402897dd587871434888fde1e7a9"
            },
            "dist": {
                "type": "zip",
                "url": "http://h2635187.stratoserver.net/repo/composer/dist/smarty/smarty/smarty-smarty-c7d42e4a327c402897dd587871434888fde1e7a9-zip-dd52c5.zip",
                "reference": "c7d42e4a327c402897dd587871434888fde1e7a9",
                "shasum": "16d4b282263babaa42074a778f91135aba574072"
            },
            "require": {
                "php": ">=5.2"
            },
            "type": "library",
            "extra": {
                "branch-alias": {
                    "dev-master": "3.1.x-dev"
                }
            },
            "autoload": {
                "files": [
                    "libs/bootstrap.php"
                ]
            },
            "notification-url": "https://packagist.org/downloads/",
            "license": [
                "LGPL-3.0"
            ],
            "authors": [
                {
                    "name": "Monte Ohrt",
                    "email": "monte@ohrt.com"
                },
                {
                    "name": "Uwe Tews",
                    "email": "uwe.tews@googlemail.com"
                },
                {
                    "name": "Rodney Rehm",
                    "email": "rodney.rehm@medialize.de"
                }
            ],
            "description": "Smarty - the compiling PHP template engine",
            "homepage": "http://www.smarty.net",
            "keywords": [
                "templating"
            ],
            "time": "2016-12-14T21:57:25+00:00"
        }
    ],
    "packages-dev": [],
    "aliases": [],
    "minimum-stability": "stable",
    "stability-flags": [],
    "prefer-stable": false,
    "prefer-lowest": false,
    "platform": [],
    "platform-dev": []
}
